
Microsoft Visual Studio Solution File, Format Version 12.00
# Visual Studio Version 17
VisualStudioVersion = 17.7.34009.444
MinimumVisualStudioVersion = 10.0.40219.1
Project("{FAE04EC0-301F-11D3-BF4B-00C04F79EFBC}") = "PessoaAPI", "PessoaAPI\PessoaAPI.csproj", "{52B7AB69-B10F-4DC5-B97B-1A199823A5CA}"
EndProject
Global
	GlobalSection(SolutionConfigurationPlatforms) = preSolution
		Debug|Any CPU = Debug|Any CPU
		Release|Any CPU = Release|Any CPU
	EndGlobalSection
	GlobalSection(ProjectConfigurationPlatforms) = postSolution
		{52B7AB69-B10F-4DC5-B97B-1A199823A5CA}.Debug|Any CPU.ActiveCfg = Debug|Any CPU
		{52B7AB69-B10F-4DC5-B97B-1A199823A5CA}.Debug|Any CPU.Build.0 = Debug|Any CPU
		{52B7AB69-B10F-4DC5-B97B-1A199823A5CA}.Release|Any CPU.ActiveCfg = Release|Any CPU
		{52B7AB69-B10F-4DC5-B97B-1A199823A5CA}.Release|Any CPU.Build.0 = Release|Any CPU
	EndGlobalSection
	GlobalSection(SolutionProperties) = preSolution
		HideSolutionNode = FALSE
	EndGlobalSection
	GlobalSection(ExtensibilityGlobals) = postSolution
		SolutionGuid = {E572719F-D2DC-4D0C-9D18-91B1413427D9}
	EndGlobalSection
EndGlobal
